
Microsoft Visual Studio Solution File, Format Version 12.00
# Visual Studio Version 17
VisualStudioVersion = 17.12.35527.113
MinimumVisualStudioVersion = 10.0.40219.1
Project("{FAE04EC0-301F-11D3-BF4B-00C04F79EFBC}") = "WebApiForLabs", "WebApiForLabs\WebApiForLabs.csproj", "{56F57C3D-DD6E-4648-9E10-1060B16CF842}"
EndProject
Project("{FAE04EC0-301F-11D3-BF4B-00C04F79EFBC}") = "PatternLaba", "PatternLaba\PatternLaba.csproj", "{D8BE0C74-DB47-42B4-B3D6-4AFFB1738628}"
EndProject
Project("{FAE04EC0-301F-11D3-BF4B-00C04F79EFBC}") = "TestProject1", "TestProject1\TestProject1.csproj", "{8BF70C23-B789-4A11-BAAC-CEF886413E01}"
EndProject
Global
	GlobalSection(SolutionConfigurationPlatforms) = preSolution
		Debug|Any CPU = Debug|Any CPU
		Release|Any CPU = Release|Any CPU
	EndGlobalSection
	GlobalSection(ProjectConfigurationPlatforms) = postSolution
		{56F57C3D-DD6E-4648-9E10-1060B16CF842}.Debug|Any CPU.ActiveCfg = Debug|Any CPU
		{56F57C3D-DD6E-4648-9E10-1060B16CF842}.Debug|Any CPU.Build.0 = Debug|Any CPU
		{56F57C3D-DD6E-4648-9E10-1060B16CF842}.Release|Any CPU.ActiveCfg = Release|Any CPU
		{56F57C3D-DD6E-4648-9E10-1060B16CF842}.Release|Any CPU.Build.0 = Release|Any CPU
		{D8BE0C74-DB47-42B4-B3D6-4AFFB1738628}.Debug|Any CPU.ActiveCfg = Debug|Any CPU
		{D8BE0C74-DB47-42B4-B3D6-4AFFB1738628}.Debug|Any CPU.Build.0 = Debug|Any CPU
		{D8BE0C74-DB47-42B4-B3D6-4AFFB1738628}.Release|Any CPU.ActiveCfg = Release|Any CPU
		{D8BE0C74-DB47-42B4-B3D6-4AFFB1738628}.Release|Any CPU.Build.0 = Release|Any CPU
		{8BF70C23-B789-4A11-BAAC-CEF886413E01}.Debug|Any CPU.ActiveCfg = Debug|Any CPU
		{8BF70C23-B789-4A11-BAAC-CEF886413E01}.Debug|Any CPU.Build.0 = Debug|Any CPU
		{8BF70C23-B789-4A11-BAAC-CEF886413E01}.Release|Any CPU.ActiveCfg = Release|Any CPU
		{8BF70C23-B789-4A11-BAAC-CEF886413E01}.Release|Any CPU.Build.0 = Release|Any CPU
	EndGlobalSection
	GlobalSection(SolutionProperties) = preSolution
		HideSolutionNode = FALSE
	EndGlobalSection
EndGlobal
